
Microsoft Visual Studio Solution File, Format Version 12.00
# Visual Studio Version 17
VisualStudioVersion = 17.1.32210.238
MinimumVisualStudioVersion = 10.0.40219.1
Project("{FAE04EC0-301F-11D3-BF4B-00C04F79EFBC}") = "SnappingToolTest", "SnappingToolTest\SnappingToolTest.csproj", "{A5F0BB46-229E-4F8D-AF37-50F6AF19D811}"
EndProject
Global
	GlobalSection(SolutionConfigurationPlatforms) = preSolution
		Debug|Any CPU = Debug|Any CPU
		Release|Any CPU = Release|Any CPU
	EndGlobalSection
	GlobalSection(ProjectConfigurationPlatforms) = postSolution
		{A5F0BB46-229E-4F8D-AF37-50F6AF19D811}.Debug|Any CPU.ActiveCfg = Debug|Any CPU
		{A5F0BB46-229E-4F8D-AF37-50F6AF19D811}.Debug|Any CPU.Build.0 = Debug|Any CPU
		{A5F0BB46-229E-4F8D-AF37-50F6AF19D811}.Release|Any CPU.ActiveCfg = Release|Any CPU
		{A5F0BB46-229E-4F8D-AF37-50F6AF19D811}.Release|Any CPU.Build.0 = Release|Any CPU
	EndGlobalSection
	GlobalSection(SolutionProperties) = preSolution
		HideSolutionNode = FALSE
	EndGlobalSection
	GlobalSection(ExtensibilityGlobals) = postSolution
		SolutionGuid = {BFCA335E-4E4C-4289-973B-38A15947AD55}
	EndGlobalSection
EndGlobal
